
Microsoft Visual Studio Solution File, Format Version 12.00
# Visual Studio Version 18
VisualStudioVersion = 18.5.11801.241 oobstable
MinimumVisualStudioVersion = 10.0.40219.1
Project("{FAE04EC0-301F-11D3-BF4B-00C04F79EFBC}") = "WordChecker", "WordChecker\WordChecker.csproj", "{C622BD70-B623-4AFA-99EF-174E4D84CBE6}"
EndProject
Project("{FAE04EC0-301F-11D3-BF4B-00C04F79EFBC}") = "WordCheckerWPF", "WordCheckerWPF\WordCheckerWPF.csproj", "{C0BD8EEF-0376-44BA-A804-8D6AB7E19948}"
EndProject
Global
	GlobalSection(SolutionConfigurationPlatforms) = preSolution
		Debug|Any CPU = Debug|Any CPU
		Release|Any CPU = Release|Any CPU
	EndGlobalSection
	GlobalSection(ProjectConfigurationPlatforms) = postSolution
		{C622BD70-B623-4AFA-99EF-174E4D84CBE6}.Debug|Any CPU.ActiveCfg = Debug|Any CPU
		{C622BD70-B623-4AFA-99EF-174E4D84CBE6}.Debug|Any CPU.Build.0 = Debug|Any CPU
		{C622BD70-B623-4AFA-99EF-174E4D84CBE6}.Release|Any CPU.ActiveCfg = Release|Any CPU
		{C622BD70-B623-4AFA-99EF-174E4D84CBE6}.Release|Any CPU.Build.0 = Release|Any CPU
		{C0BD8EEF-0376-44BA-A804-8D6AB7E19948}.Debug|Any CPU.ActiveCfg = Debug|Any CPU
		{C0BD8EEF-0376-44BA-A804-8D6AB7E19948}.Debug|Any CPU.Build.0 = Debug|Any CPU
		{C0BD8EEF-0376-44BA-A804-8D6AB7E19948}.Release|Any CPU.ActiveCfg = Release|Any CPU
		{C0BD8EEF-0376-44BA-A804-8D6AB7E19948}.Release|Any CPU.Build.0 = Release|Any CPU
	EndGlobalSection
	GlobalSection(SolutionProperties) = preSolution
		HideSolutionNode = FALSE
	EndGlobalSection
	GlobalSection(ExtensibilityGlobals) = postSolution
		SolutionGuid = {06CA8F7B-703B-4215-83D9-F9328761BBFD}
	EndGlobalSection
EndGlobal
